
Microsoft Visual Studio Solution File, Format Version 12.00
# Visual Studio 15
VisualStudioVersion = 15.0.26124.0
MinimumVisualStudioVersion = 15.0.26124.0
Project("{FAE04EC0-301F-11D3-BF4B-00C04F79EFBC}") = "GalaxyGuide.RomanNumeralsConverter", "GalaxyGuide.RomanNumeralsConverter\GalaxyGuide.RomanNumeralsConverter.csproj", "{26E87C9C-1F50-4FCB-B24D-94C0D213D85F}"
EndProject
Project("{FAE04EC0-301F-11D3-BF4B-00C04F79EFBC}") = "RomanNumeralsConverterTests", "RomanNumeralsConverterTests\RomanNumeralsConverterTests.csproj", "{35AE7316-A035-4B82-9262-CE81FAD59903}"
EndProject
Project("{FAE04EC0-301F-11D3-BF4B-00C04F79EFBC}") = "GalaxyGuide.FiniteStateMachine", "GalaxyGuide.FiniteStateMachine\GalaxyGuide.FiniteStateMachine.csproj", "{8B7869F1-EE48-49AB-87F4-52FABC704F9A}"
EndProject
Project("{FAE04EC0-301F-11D3-BF4B-00C04F79EFBC}") = "GalaxyGuide.App", "GalaxyGuide.App\GalaxyGuide.App.csproj", "{08AEE143-5409-4FFB-8E95-6AA08E243869}"
EndProject
Project("{FAE04EC0-301F-11D3-BF4B-00C04F79EFBC}") = "GalaxyGuide.Mediator", "GalaxyGuide.Mediator\GalaxyGuide.Mediator.csproj", "{39E64FC7-7BB0-4463-8916-381F3869A36A}"
EndProject
Project("{FAE04EC0-301F-11D3-BF4B-00C04F79EFBC}") = "IntegrationTests", "IntegrationTests\IntegrationTests.csproj", "{E4BAF318-AD95-4281-9F56-CC96980038B5}"
EndProject
Global
	GlobalSection(SolutionConfigurationPlatforms) = preSolution
		Debug|Any CPU = Debug|Any CPU
		Debug|x64 = Debug|x64
		Debug|x86 = Debug|x86
		Release|Any CPU = Release|Any CPU
		Release|x64 = Release|x64
		Release|x86 = Release|x86
	EndGlobalSection
	GlobalSection(SolutionProperties) = preSolution
		HideSolutionNode = FALSE
	EndGlobalSection
	GlobalSection(ProjectConfigurationPlatforms) = postSolution
		{26E87C9C-1F50-4FCB-B24D-94C0D213D85F}.Debug|Any CPU.ActiveCfg = Debug|Any CPU
		{26E87C9C-1F50-4FCB-B24D-94C0D213D85F}.Debug|Any CPU.Build.0 = Debug|Any CPU
		{26E87C9C-1F50-4FCB-B24D-94C0D213D85F}.Debug|x64.ActiveCfg = Debug|Any CPU
		{26E87C9C-1F50-4FCB-B24D-94C0D213D85F}.Debug|x64.Build.0 = Debug|Any CPU
		{26E87C9C-1F50-4FCB-B24D-94C0D213D85F}.Debug|x86.ActiveCfg = Debug|Any CPU
		{26E87C9C-1F50-4FCB-B24D-94C0D213D85F}.Debug|x86.Build.0 = Debug|Any CPU
		{26E87C9C-1F50-4FCB-B24D-94C0D213D85F}.Release|Any CPU.ActiveCfg = Release|Any CPU
		{26E87C9C-1F50-4FCB-B24D-94C0D213D85F}.Release|Any CPU.Build.0 = Release|Any CPU
		{26E87C9C-1F50-4FCB-B24D-94C0D213D85F}.Release|x64.ActiveCfg = Release|Any CPU
		{26E87C9C-1F50-4FCB-B24D-94C0D213D85F}.Release|x64.Build.0 = Release|Any CPU
		{26E87C9C-1F50-4FCB-B24D-94C0D213D85F}.Release|x86.ActiveCfg = Release|Any CPU
		{26E87C9C-1F50-4FCB-B24D-94C0D213D85F}.Release|x86.Build.0 = Release|Any CPU
		{35AE7316-A035-4B82-9262-CE81FAD59903}.Debug|Any CPU.ActiveCfg = Debug|Any CPU
		{35AE7316-A035-4B82-9262-CE81FAD59903}.Debug|Any CPU.Build.0 = Debug|Any CPU
		{35AE7316-A035-4B82-9262-CE81FAD59903}.Debug|x64.ActiveCfg = Debug|Any CPU
		{35AE7316-A035-4B82-9262-CE81FAD59903}.Debug|x64.Build.0 = Debug|Any CPU
		{35AE7316-A035-4B82-9262-CE81FAD59903}.Debug|x86.ActiveCfg = Debug|Any CPU
		{35AE7316-A035-4B82-9262-CE81FAD59903}.Debug|x86.Build.0 = Debug|Any CPU
		{35AE7316-A035-4B82-9262-CE81FAD59903}.Release|Any CPU.ActiveCfg = Release|Any CPU
		{35AE7316-A035-4B82-9262-CE81FAD59903}.Release|Any CPU.Build.0 = Release|Any CPU
		{35AE7316-A035-4B82-9262-CE81FAD59903}.Release|x64.ActiveCfg = Release|Any CPU
		{35AE7316-A035-4B82-9262-CE81FAD59903}.Release|x64.Build.0 = Release|Any CPU
		{35AE7316-A035-4B82-9262-CE81FAD59903}.Release|x86.ActiveCfg = Release|Any CPU
		{35AE7316-A035-4B82-9262-CE81FAD59903}.Release|x86.Build.0 = Release|Any CPU
		{8B7869F1-EE48-49AB-87F4-52FABC704F9A}.Debug|Any CPU.ActiveCfg = Debug|Any CPU
		{8B7869F1-EE48-49AB-87F4-52FABC704F9A}.Debug|Any CPU.Build.0 = Debug|Any CPU
		{8B7869F1-EE48-49AB-87F4-52FABC704F9A}.Debug|x64.ActiveCfg = Debug|Any CPU
		{8B7869F1-EE48-49AB-87F4-52FABC704F9A}.Debug|x64.Build.0 = Debug|Any CPU
		{8B7869F1-EE48-49AB-87F4-52FABC704F9A}.Debug|x86.ActiveCfg = Debug|Any CPU
		{8B7869F1-EE48-49AB-87F4-52FABC704F9A}.Debug|x86.Build.0 = Debug|Any CPU
		{8B7869F1-EE48-49AB-87F4-52FABC704F9A}.Release|Any CPU.ActiveCfg = Release|Any CPU
		{8B7869F1-EE48-49AB-87F4-52FABC704F9A}.Release|Any CPU.Build.0 = Release|Any CPU
		{8B7869F1-EE48-49AB-87F4-52FABC704F9A}.Release|x64.ActiveCfg = Release|Any CPU
		{8B7869F1-EE48-49AB-87F4-52FABC704F9A}.Release|x64.Build.0 = Release|Any CPU
		{8B7869F1-EE48-49AB-87F4-52FABC704F9A}.Release|x86.ActiveCfg = Release|Any CPU
		{8B7869F1-EE48-49AB-87F4-52FABC704F9A}.Release|x86.Build.0 = Release|Any CPU
		{08AEE143-5409-4FFB-8E95-6AA08E243869}.Debug|Any CPU.ActiveCfg = Debug|Any CPU
		{08AEE143-5409-4FFB-8E95-6AA08E243869}.Debug|Any CPU.Build.0 = Debug|Any CPU
		{08AEE143-5409-4FFB-8E95-6AA08E243869}.Debug|x64.ActiveCfg = Debug|Any CPU
		{08AEE143-5409-4FFB-8E95-6AA08E243869}.Debug|x64.Build.0 = Debug|Any CPU
		{08AEE143-5409-4FFB-8E95-6AA08E243869}.Debug|x86.ActiveCfg = Debug|Any CPU
		{08AEE143-5409-4FFB-8E95-6AA08E243869}.Debug|x86.Build.0 = Debug|Any CPU
		{08AEE143-5409-4FFB-8E95-6AA08E243869}.Release|Any CPU.ActiveCfg = Release|Any CPU
		{08AEE143-5409-4FFB-8E95-6AA08E243869}.Release|Any CPU.Build.0 = Release|Any CPU
		{08AEE143-5409-4FFB-8E95-6AA08E243869}.Release|x64.ActiveCfg = Release|Any CPU
		{08AEE143-5409-4FFB-8E95-6AA08E243869}.Release|x64.Build.0 = Release|Any CPU
		{08AEE143-5409-4FFB-8E95-6AA08E243869}.Release|x86.ActiveCfg = Release|Any CPU
		{08AEE143-5409-4FFB-8E95-6AA08E243869}.Release|x86.Build.0 = Release|Any CPU
		{39E64FC7-7BB0-4463-8916-381F3869A36A}.Debug|Any CPU.ActiveCfg = Debug|Any CPU
		{39E64FC7-7BB0-4463-8916-381F3869A36A}.Debug|Any CPU.Build.0 = Debug|Any CPU
		{39E64FC7-7BB0-4463-8916-381F3869A36A}.Debug|x64.ActiveCfg = Debug|Any CPU
		{39E64FC7-7BB0-4463-8916-381F3869A36A}.Debug|x64.Build.0 = Debug|Any CPU
		{39E64FC7-7BB0-4463-8916-381F3869A36A}.Debug|x86.ActiveCfg = Debug|Any CPU
		{39E64FC7-7BB0-4463-8916-381F3869A36A}.Debug|x86.Build.0 = Debug|Any CPU
		{39E64FC7-7BB0-4463-8916-381F3869A36A}.Release|Any CPU.ActiveCfg = Release|Any CPU
		{39E64FC7-7BB0-4463-8916-381F3869A36A}.Release|Any CPU.Build.0 = Release|Any CPU
		{39E64FC7-7BB0-4463-8916-381F3869A36A}.Release|x64.ActiveCfg = Release|Any CPU
		{39E64FC7-7BB0-4463-8916-381F3869A36A}.Release|x64.Build.0 = Release|Any CPU
		{39E64FC7-7BB0-4463-8916-381F3869A36A}.Release|x86.ActiveCfg = Release|Any CPU
		{39E64FC7-7BB0-4463-8916-381F3869A36A}.Release|x86.Build.0 = Release|Any CPU
		{0A481AFC-B688-4276-A242-10DB53DC1AD5}.Debug|Any CPU.ActiveCfg = Debug|Any CPU
		{0A481AFC-B688-4276-A242-10DB53DC1AD5}.Debug|Any CPU.Build.0 = Debug|Any CPU
		{0A481AFC-B688-4276-A242-10DB53DC1AD5}.Debug|x64.ActiveCfg = Debug|Any CPU
		{0A481AFC-B688-4276-A242-10DB53DC1AD5}.Debug|x64.Build.0 = Debug|Any CPU
		{0A481AFC-B688-4276-A242-10DB53DC1AD5}.Debug|x86.ActiveCfg = Debug|Any CPU
		{0A481AFC-B688-4276-A242-10DB53DC1AD5}.Debug|x86.Build.0 = Debug|Any CPU
		{0A481AFC-B688-4276-A242-10DB53DC1AD5}.Release|Any CPU.ActiveCfg = Release|Any CPU
		{0A481AFC-B688-4276-A242-10DB53DC1AD5}.Release|Any CPU.Build.0 = Release|Any CPU
		{0A481AFC-B688-4276-A242-10DB53DC1AD5}.Release|x64.ActiveCfg = Release|Any CPU
		{0A481AFC-B688-4276-A242-10DB53DC1AD5}.Release|x64.Build.0 = Release|Any CPU
		{0A481AFC-B688-4276-A242-10DB53DC1AD5}.Release|x86.ActiveCfg = Release|Any CPU
		{0A481AFC-B688-4276-A242-10DB53DC1AD5}.Release|x86.Build.0 = Release|Any CPU
		{E4BAF318-AD95-4281-9F56-CC96980038B5}.Debug|Any CPU.ActiveCfg = Debug|Any CPU
		{E4BAF318-AD95-4281-9F56-CC96980038B5}.Debug|Any CPU.Build.0 = Debug|Any CPU
		{E4BAF318-AD95-4281-9F56-CC96980038B5}.Debug|x64.ActiveCfg = Debug|Any CPU
		{E4BAF318-AD95-4281-9F56-CC96980038B5}.Debug|x64.Build.0 = Debug|Any CPU
		{E4BAF318-AD95-4281-9F56-CC96980038B5}.Debug|x86.ActiveCfg = Debug|Any CPU
		{E4BAF318-AD95-4281-9F56-CC96980038B5}.Debug|x86.Build.0 = Debug|Any CPU
		{E4BAF318-AD95-4281-9F56-CC96980038B5}.Release|Any CPU.ActiveCfg = Release|Any CPU
		{E4BAF318-AD95-4281-9F56-CC96980038B5}.Release|Any CPU.Build.0 = Release|Any CPU
		{E4BAF318-AD95-4281-9F56-CC96980038B5}.Release|x64.ActiveCfg = Release|Any CPU
		{E4BAF318-AD95-4281-9F56-CC96980038B5}.Release|x64.Build.0 = Release|Any CPU
		{E4BAF318-AD95-4281-9F56-CC96980038B5}.Release|x86.ActiveCfg = Release|Any CPU
		{E4BAF318-AD95-4281-9F56-CC96980038B5}.Release|x86.Build.0 = Release|Any CPU
	EndGlobalSection
EndGlobal
